// !$*UTF8*$!
{
	archiveVersion = 1;
	classes = {
	};
	objectVersion = 46;
	objects = {

/* Begin PBXBuildFile section */
		254BB84F1B1FD08900C56DE9 /* Images.xcassets in Resources */ = {isa = PBXBuildFile; fileRef = 254BB84E1B1FD08900C56DE9 /* Images.xcassets */; };
		254BB8681B1FD16500C56DE9 /* drummachine in Resources */ = {isa = PBXBuildFile; fileRef = 254BB8671B1FD16500C56DE9 /* drummachine */; };
/* End PBXBuildFile section */

/* Begin PBXFileReference section */
		254BB83E1B1FD08900C56DE9 /* drummachine.app */ = {isa = PBXFileReference; explicitFileType = wrapper.application; includeInIndex = 0; path = drummachine.app; sourceTree = BUILT_PRODUCTS_DIR; };
		254BB8421B1FD08900C56DE9 /* Info.plist */ = {isa = PBXFileReference; lastKnownFileType = text.plist.xml; path = Info.plist; sourceTree = "<group>"; };
		254BB84E1B1FD08900C56DE9 /* Images.xcassets */ = {isa = PBXFileReference; lastKnownFileType = folder.assetcatalog; path = Images.xcassets; sourceTree = "<group>"; };
		254BB8671B1FD16500C56DE9 /* drummachine */ = {isa = PBXFileReference; lastKnownFileType = "compiled.mach-o.executable"; path = drummachine; sourceTree = "<group>"; };
/* End PBXFileReference section */

/* Begin PBXFrameworksBuildPhase section */
		254BB83B1B1FD08900C56DE9 /* Frameworks */ = {
			isa = PBXFrameworksBuildPhase;
			buildActionMask = 2147483647;
			files = (
			);
			runOnlyForDeploymentPostprocessing = 0;
		};
/* End PBXFrameworksBuildPhase section */

/* Begin PBXGroup section */
		254BB8351B1FD08900C56DE9 = {
			isa = PBXGroup;
			children = (
				254BB8401B1FD08900C56DE9 /* drummachine */,
				254BB83F1B1FD08900C56DE9 /* Products */,
			);
			sourceTree = "<group>";
			usesTabs = 0;
		};
		254BB83F1B1FD08900C56DE9 /* Products */ = {
			isa = PBXGroup;
			children = (
				254BB83E1B1FD08900C56DE9 /* drummachine.app */,
			);
			name = Products;
			sourceTree = "<group>";
		};
		254BB8401B1FD08900C56DE9 /* drummachine */ = {
			isa = PBXGroup;
			children = (
				254BB8671B1FD16500C56DE9 /* drummachine */,
				254BB84E1B1FD08900C56DE9 /* Images.xcassets */,
				254BB8411B1FD08900C56DE9 /* Supporting Files */,
			);
			path = drummachine;
			sourceTree = "<group>";
		};
		254BB8411B1FD08900C56DE9 /* Supporting Files */ = {
			isa = PBXGroup;
			children = (
				254BB8421B1FD08900C56DE9 /* Info.plist */,
			);
			name = "Supporting Files";
			sourceTree = "<group>";
		};
/* End PBXGroup section */

/* Begin PBXNativeTarget section */
		254BB83D1B1FD08900C56DE9 /* drummachine */ = {
			isa = PBXNativeTarget;
			buildConfigurationList = 254BB8611B1FD08900C56DE9 /* Build configuration list for PBXNativeTarget "drummachine" */;
			buildPhases = (
				254BB83A1B1FD08900C56DE9 /* Sources */,
				254BB83B1B1FD08900C56DE9 /* Frameworks */,
				254BB83C1B1FD08900C56DE9 /* Resources */,
			);
			buildRules = (
			);
			dependencies = (
			);
			name = drummachine;
			productName = drummachine;
			productReference = 254BB83E1B1FD08900C56DE9 /* drummachine.app */;
			productType = "com.apple.product-type.application";
		};
/* End PBXNativeTarget section */

/* Begin PBXProject section */
		254BB8361B1FD08900C56DE9 /* Project object */ = {
			isa = PBXProject;
			attributes = {
				LastUpgradeCheck = 0630;
				ORGANIZATIONNAME = Developer;
				TargetAttributes = {
					254BB83D1B1FD08900C56DE9 = {
						CreatedOnToolsVersion = 6.3.1;
					};
				};
			};
			buildConfigurationList = 254BB8391B1FD08900C56DE9 /* Build configuration list for PBXProject "drummachine" */;
			compatibilityVersion = "Xcode 3.2";
			developmentRegion = English;
			hasScannedForEncodings = 0;
			knownRegions = (
				en,
				Base,
			);
			mainGroup = 254BB8351B1FD08900C56DE9;
			productRefGroup = 254BB83F1B1FD08900C56DE9 /* Products */;
			projectDirPath = "";
			projectRoot = "";
			targets = (
				254BB83D1B1FD08900C56DE9 /* drummachine */,
			);
		};
/* End PBXProject section */

/* Begin PBXResourcesBuildPhase section */
		254BB83C1B1FD08900C56DE9 /* Resources */ = {
			isa = PBXResourcesBuildPhase;
			buildActionMask = 2147483647;
			files = (
				254BB8681B1FD16500C56DE9 /* drummachine in Resources */,
				254BB84F1B1FD08900C56DE9 /* Images.xcassets in Resources */,
			);
			runOnlyForDeploymentPostprocessing = 0;
		};
/* End PBXResourcesBuildPhase section */

/* Begin PBXSourcesBuildPhase section */
		254BB83A1B1FD08900C56DE9 /* Sources */ = {
			isa = PBXSourcesBuildPhase;
			buildActionMask = 2147483647;
			files = (
			);
			runOnlyForDeploymentPostprocessing = 0;
		};
/* End PBXSourcesBuildPhase section */

/* Begin XCBuildConfiguration section */
		254BB85F1B1FD08900C56DE9 /* Debug */ = {
			isa = XCBuildConfiguration;
			buildSettings = {
				ALWAYS_SEARCH_USER_PATHS = NO;
				CLANG_CXX_LANGUAGE_STANDARD = "gnu++0x";
				CLANG_CXX_LIBRARY = "libc++";
				CLANG_ENABLE_MODULES = YES;
				CLANG_ENABLE_OBJC_ARC = YES;
				CLANG_WARN_BOOL_CONVERSION = YES;
				CLANG_WARN_CONSTANT_CONVERSION = YES;
				CLANG_WARN_DIRECT_OBJC_ISA_USAGE = YES_ERROR;
				CLANG_WARN_EMPTY_BODY = YES;
				CLANG_WARN_ENUM_CONVERSION = YES;
				CLANG_WARN_INT_CONVERSION = YES;
				CLANG_WARN_OBJC_ROOT_CLASS = YES_ERROR;
				CLANG_WARN_UNREACHABLE_CODE = YES;
				CLANG_WARN__DUPLICATE_METHOD_MATCH = YES;
				"CODE_SIGN_IDENTITY[sdk=iphoneos*]" = "iPhone Developer";
				COPY_PHASE_STRIP = NO;
				DEBUG_INFORMATION_FORMAT = "dwarf-with-dsym";
				ENABLE_STRICT_OBJC_MSGSEND = YES;
				GCC_C_LANGUAGE_STANDARD = gnu99;
				GCC_DYNAMIC_NO_PIC = NO;
				GCC_NO_COMMON_BLOCKS = YES;
				GCC_OPTIMIZATION_LEVEL = 0;
				GCC_PREPROCESSOR_DEFINITIONS = (
					"DEBUG=1",
					"$(inherited)",
				);
				GCC_SYMBOLS_PRIVATE_EXTERN = NO;
				GCC_WARN_64_TO_32_BIT_CONVERSION = YES;
				GCC_WARN_ABOUT_RETURN_TYPE = YES_ERROR;
				GCC_WARN_UNDECLARED_SELECTOR = YES;
				GCC_WARN_UNINITIALIZED_AUTOS = YES_AGGRESSIVE;
				GCC_WARN_UNUSED_FUNCTION = YES;
				GCC_WARN_UNUSED_VARIABLE = YES;
				IPHONEOS_DEPLOYMENT_TARGET = 8.3;
				MTL_ENABLE_DEBUG_INFO = YES;
				ONLY_ACTIVE_ARCH = YES;
				SDKROOT = iphoneos;
				TARGETED_DEVICE_FAMILY = "1,2";
			};
			name = Debug;
		};
		254BB8601B1FD08900C56DE9 /* Release */ = {
			isa = XCBuildConfiguration;
			buildSettings = {
				ALWAYS_SEARCH_USER_PATHS = NO;
				CLANG_CXX_LANGUAGE_STANDARD = "gnu++0x";
				CLANG_CXX_LIBRARY = "libc++";
				CLANG_ENABLE_MODULES = YES;
				CLANG_ENABLE_OBJC_ARC = YES;
				CLANG_WARN_BOOL_CONVERSION = YES;
				CLANG_WARN_CONSTANT_CONVERSION = YES;
				CLANG_WARN_DIRECT_OBJC_ISA_USAGE = YES_ERROR;
				CLANG_WARN_EMPTY_BODY = YES;
				CLANG_WARN_ENUM_CONVERSION = YES;
				CLANG_WARN_INT_CONVERSION = YES;
				CLANG_WARN_OBJC_ROOT_CLASS = YES_ERROR;
				CLANG_WARN_UNREACHABLE_CODE = YES;
				CLANG_WARN__DUPLICATE_METHOD_MATCH = YES;
				"CODE_SIGN_IDENTITY[sdk=iphoneos*]" = "iPhone Developer";
				COPY_PHASE_STRIP = NO;
				DEBUG_INFORMATION_FORMAT = "dwarf-with-dsym";
				ENABLE_NS_ASSERTIONS = NO;
				ENABLE_STRICT_OBJC_MSGSEND = YES;
				GCC_C_LANGUAGE_STANDARD = gnu99;
				GCC_NO_COMMON_BLOCKS = YES;
				GCC_WARN_64_TO_32_BIT_CONVERSION = YES;
				GCC_WARN_ABOUT_RETURN_TYPE = YES_ERROR;
				GCC_WARN_UNDECLARED_SELECTOR = YES;
				GCC_WARN_UNINITIALIZED_AUTOS = YES_AGGRESSIVE;
				GCC_WARN_UNUSED_FUNCTION = YES;
				GCC_WARN_UNUSED_VARIABLE = YES;
				IPHONEOS_DEPLOYMENT_TARGET = 8.3;
				MTL_ENABLE_DEBUG_INFO = NO;
				SDKROOT = iphoneos;
				TARGETED_DEVICE_FAMILY = "1,2";
				VALIDATE_PRODUCT = YES;
			};
			name = Release;
		};
		254BB8621B1FD08900C56DE9 /* Debug */ = {
			isa = XCBuildConfiguration;
			buildSettings = {
				ASSETCATALOG_COMPILER_APPICON_NAME = AppIcon;
				INFOPLIST_FILE = drummachine/Info.plist;
				LD_RUNPATH_SEARCH_PATHS = "$(inherited) @executable_path/Frameworks";
				PRODUCT_NAME = "$(TARGET_NAME)";
			};
			name = Debug;
		};
		254BB8631B1FD08900C56DE9 /* Release */ = {
			isa = XCBuildConfiguration;
			buildSettings = {
				ASSETCATALOG_COMPILER_APPICON_NAME = AppIcon;
				INFOPLIST_FILE = drummachine/Info.plist;
				LD_RUNPATH_SEARCH_PATHS = "$(inherited) @executable_path/Frameworks";
				PRODUCT_NAME = "$(TARGET_NAME)";
			};
			name = Release;
		};
/* End XCBuildConfiguration section */

/* Begin XCConfigurationList section */
		254BB8391B1FD08900C56DE9 /* Build configuration list for PBXProject "drummachine" */ = {
			isa = XCConfigurationList;
			buildConfigurations = (
				254BB85F1B1FD08900C56DE9 /* Debug */,
				254BB8601B1FD08900C56DE9 /* Release */,
			);
			defaultConfigurationIsVisible = 0;
			defaultConfigurationName = Release;
		};
		254BB8611B1FD08900C56DE9 /* Build configuration list for PBXNativeTarget "drummachine" */ = {
			isa = XCConfigurationList;
			buildConfigurations = (
				254BB8621B1FD08900C56DE9 /* Debug */,
				254BB8631B1FD08900C56DE9 /* Release */,
			);
			defaultConfigurationIsVisible = 0;
			defaultConfigurationName = Release;
		};
/* End XCConfigurationList section */
	};
	rootObject = 254BB8361B1FD08900C56DE9 /* Project object */;
}
